Microsoft Visual Studio Solution File, Format Version 11.00
# Visual Studio 2008

Project("{339FBE66-C088-E985-1B45-290B8766121E}") = "365-indies-jam", "Assembly-CSharp-firstpass.csproj", "{4871ED79-511B-75BA-7149-59AC7F7C9FF0}"
EndProject
Project("{339FBE66-C088-E985-1B45-290B8766121E}") = "365-indies-jam", "Assembly-CSharp.csproj", "{EBC1FAF8-B24C-7C1C-F4DA-BAB042AE72EB}"
EndProject
Project("{339FBE66-C088-E985-1B45-290B8766121E}") = "365-indies-jam", "Assembly-CSharp-Editor-firstpass.csproj", "{F839095A-314E-455A-B054-6828BEAD4749}"
EndProject
Global
	GlobalSection(SolutionConfigurationPlatforms) = preSolution
		Debug|Any CPU = Debug|Any CPU
		Release|Any CPU = Release|Any CPU
	EndGlobalSection
	GlobalSection(ProjectConfigurationPlatforms) = postSolution
		{4871ED79-511B-75BA-7149-59AC7F7C9FF0}.Debug|Any CPU.ActiveCfg = Debug|Any CPU
		{4871ED79-511B-75BA-7149-59AC7F7C9FF0}.Debug|Any CPU.Build.0 = Debug|Any CPU
		{4871ED79-511B-75BA-7149-59AC7F7C9FF0}.Release|Any CPU.ActiveCfg = Release|Any CPU
		{4871ED79-511B-75BA-7149-59AC7F7C9FF0}.Release|Any CPU.Build.0 = Release|Any CPU
		{EBC1FAF8-B24C-7C1C-F4DA-BAB042AE72EB}.Debug|Any CPU.ActiveCfg = Debug|Any CPU
		{EBC1FAF8-B24C-7C1C-F4DA-BAB042AE72EB}.Debug|Any CPU.Build.0 = Debug|Any CPU
		{EBC1FAF8-B24C-7C1C-F4DA-BAB042AE72EB}.Release|Any CPU.ActiveCfg = Release|Any CPU
		{EBC1FAF8-B24C-7C1C-F4DA-BAB042AE72EB}.Release|Any CPU.Build.0 = Release|Any CPU
		{F839095A-314E-455A-B054-6828BEAD4749}.Debug|Any CPU.ActiveCfg = Debug|Any CPU
		{F839095A-314E-455A-B054-6828BEAD4749}.Debug|Any CPU.Build.0 = Debug|Any CPU
		{F839095A-314E-455A-B054-6828BEAD4749}.Release|Any CPU.ActiveCfg = Release|Any CPU
		{F839095A-314E-455A-B054-6828BEAD4749}.Release|Any CPU.Build.0 = Release|Any CPU
	EndGlobalSection
	GlobalSection(SolutionProperties) = preSolution
		HideSolutionNode = FALSE
	EndGlobalSection
	GlobalSection(MonoDevelopProperties) = preSolution
		StartupItem = Assembly-CSharp.csproj
	EndGlobalSection
EndGlobal
