
Microsoft Visual Studio Solution File, Format Version 12.00
# Visual Studio 2015
Project("{FAE04EC0-301F-11D3-BF4B-00C04F79EFBC}") = "365-indies-jam.CSharp.Plugins", "365-indies-jam.CSharp.Plugins.csproj", "{93D3DAE7-55AE-DFB0-9305-44E8BAFB9209}"
EndProject
Project("{FAE04EC0-301F-11D3-BF4B-00C04F79EFBC}") = "365-indies-jam.CSharp", "365-indies-jam.CSharp.csproj", "{8AC1FA39-E602-0582-FE02-0A8B8A2747E4}"
EndProject
Project("{FAE04EC0-301F-11D3-BF4B-00C04F79EFBC}") = "365-indies-jam.CSharp.Editor.Plugins", "365-indies-jam.CSharp.Editor.Plugins.csproj", "{8A37C371-13A2-8D35-34B4-672751A0D383}"
EndProject
Global
	GlobalSection(SolutionConfigurationPlatforms) = preSolution
		Debug|Any CPU = Debug|Any CPU
		Release|Any CPU = Release|Any CPU
	EndGlobalSection
	GlobalSection(ProjectConfigurationPlatforms) = postSolution
		{93D3DAE7-55AE-DFB0-9305-44E8BAFB9209}.Debug|Any CPU.ActiveCfg = Debug|Any CPU
		{93D3DAE7-55AE-DFB0-9305-44E8BAFB9209}.Debug|Any CPU.Build.0 = Debug|Any CPU
		{93D3DAE7-55AE-DFB0-9305-44E8BAFB9209}.Release|Any CPU.ActiveCfg = Release|Any CPU
		{93D3DAE7-55AE-DFB0-9305-44E8BAFB9209}.Release|Any CPU.Build.0 = Release|Any CPU
		{8AC1FA39-E602-0582-FE02-0A8B8A2747E4}.Debug|Any CPU.ActiveCfg = Debug|Any CPU
		{8AC1FA39-E602-0582-FE02-0A8B8A2747E4}.Debug|Any CPU.Build.0 = Debug|Any CPU
		{8AC1FA39-E602-0582-FE02-0A8B8A2747E4}.Release|Any CPU.ActiveCfg = Release|Any CPU
		{8AC1FA39-E602-0582-FE02-0A8B8A2747E4}.Release|Any CPU.Build.0 = Release|Any CPU
		{8A37C371-13A2-8D35-34B4-672751A0D383}.Debug|Any CPU.ActiveCfg = Debug|Any CPU
		{8A37C371-13A2-8D35-34B4-672751A0D383}.Debug|Any CPU.Build.0 = Debug|Any CPU
		{8A37C371-13A2-8D35-34B4-672751A0D383}.Release|Any CPU.ActiveCfg = Release|Any CPU
		{8A37C371-13A2-8D35-34B4-672751A0D383}.Release|Any CPU.Build.0 = Release|Any CPU
	EndGlobalSection
	GlobalSection(SolutionProperties) = preSolution
		HideSolutionNode = FALSE
	EndGlobalSection
EndGlobal
